// !$*UTF8*$!
{
	archiveVersion = 1;
	classes = {
	};
	objectVersion = 56;
	objects = {

/* Begin PBXBuildFile section */
		7719C35B2A5D2D3400494A87 /* AppDelegate.swift in Sources */ = {isa = PBXBuildFile; fileRef = 7719C35A2A5D2D3400494A87 /* AppDelegate.swift */; };
		7719C35D2A5D2D3400494A87 /* SceneDelegate.swift in Sources */ = {isa = PBXBuildFile; fileRef = 7719C35C2A5D2D3400494A87 /* SceneDelegate.swift */; };
		7719C35F2A5D2D3400494A87 /* ViewController.swift in Sources */ = {isa = PBXBuildFile; fileRef = 7719C35E2A5D2D3400494A87 /* ViewController.swift */; };
		7719C3622A5D2D3400494A87 /* Main.storyboard in Resources */ = {isa = PBXBuildFile; fileRef = 7719C3602A5D2D3400494A87 /* Main.storyboard */; };
		7719C3652A5D2D3400494A87 /* TellMeYourFriend.xcdatamodeld in Sources */ = {isa = PBXBuildFile; fileRef = 7719C3632A5D2D3400494A87 /* TellMeYourFriend.xcdatamodeld */; };
		7719C3672A5D2D3400494A87 /* Assets.xcassets in Resources */ = {isa = PBXBuildFile; fileRef = 7719C3662A5D2D3400494A87 /* Assets.xcassets */; };
		7719C36A2A5D2D3400494A87 /* LaunchScreen.storyboard in Resources */ = {isa = PBXBuildFile; fileRef = 7719C3682A5D2D3400494A87 /* LaunchScreen.storyboard */; };
		7719C3722A5D2DBE00494A87 /* DetailsViewController.swift in Sources */ = {isa = PBXBuildFile; fileRef = 7719C3712A5D2DBE00494A87 /* DetailsViewController.swift */; };
/* End PBXBuildFile section */

/* Begin PBXFileReference section */
		7719C3572A5D2D3400494A87 /* TellMeYourFriend.app */ = {isa = PBXFileReference; explicitFileType = wrapper.application; includeInIndex = 0; path = TellMeYourFriend.app; sourceTree = BUILT_PRODUCTS_DIR; };
		7719C35A2A5D2D3400494A87 /* AppDelegate.swift */ = {isa = PBXFileReference; lastKnownFileType = sourcecode.swift; path = AppDelegate.swift; sourceTree = "<group>"; };
		7719C35C2A5D2D3400494A87 /* SceneDelegate.swift */ = {isa = PBXFileReference; lastKnownFileType = sourcecode.swift; path = SceneDelegate.swift; sourceTree = "<group>"; };
		7719C35E2A5D2D3400494A87 /* ViewController.swift */ = {isa = PBXFileReference; lastKnownFileType = sourcecode.swift; path = ViewController.swift; sourceTree = "<group>"; };
		7719C3612A5D2D3400494A87 /* Base */ = {isa = PBXFileReference; lastKnownFileType = file.storyboard; name = Base; path = Base.lproj/Main.storyboard; sourceTree = "<group>"; };
		7719C3642A5D2D3400494A87 /* TellMeYourFriend.xcdatamodel */ = {isa = PBXFileReference; lastKnownFileType = wrapper.xcdatamodel; path = TellMeYourFriend.xcdatamodel; sourceTree = "<group>"; };
		7719C3662A5D2D3400494A87 /* Assets.xcassets */ = {isa = PBXFileReference; lastKnownFileType = folder.assetcatalog; path = Assets.xcassets; sourceTree = "<group>"; };
		7719C3692A5D2D3400494A87 /* Base */ = {isa = PBXFileReference; lastKnownFileType = file.storyboard; name = Base; path = Base.lproj/LaunchScreen.storyboard; sourceTree = "<group>"; };
		7719C36B2A5D2D3400494A87 /* Info.plist */ = {isa = PBXFileReference; lastKnownFileType = text.plist.xml; path = Info.plist; sourceTree = "<group>"; };
		7719C3712A5D2DBE00494A87 /* DetailsViewController.swift */ = {isa = PBXFileReference; lastKnownFileType = sourcecode.swift; path = DetailsViewController.swift; sourceTree = "<group>"; };
/* End PBXFileReference section */

/* Begin PBXFrameworksBuildPhase section */
		7719C3542A5D2D3400494A87 /* Frameworks */ = {
			isa = PBXFrameworksBuildPhase;
			buildActionMask = 2147483647;
			files = (
			);
			runOnlyForDeploymentPostprocessing = 0;
		};
/* End PBXFrameworksBuildPhase section */

/* Begin PBXGroup section */
		7719C34E2A5D2D3400494A87 = {
			isa = PBXGroup;
			children = (
				7719C3592A5D2D3400494A87 /* TellMeYourFriend */,
				7719C3582A5D2D3400494A87 /* Products */,
			);
			sourceTree = "<group>";
		};
		7719C3582A5D2D3400494A87 /* Products */ = {
			isa = PBXGroup;
			children = (
				7719C3572A5D2D3400494A87 /* TellMeYourFriend.app */,
			);
			name = Products;
			sourceTree = "<group>";
		};
		7719C3592A5D2D3400494A87 /* TellMeYourFriend */ = {
			isa = PBXGroup;
			children = (
				7719C35A2A5D2D3400494A87 /* AppDelegate.swift */,
				7719C35C2A5D2D3400494A87 /* SceneDelegate.swift */,
				7719C35E2A5D2D3400494A87 /* ViewController.swift */,
				7719C3712A5D2DBE00494A87 /* DetailsViewController.swift */,
				7719C3602A5D2D3400494A87 /* Main.storyboard */,
				7719C3662A5D2D3400494A87 /* Assets.xcassets */,
				7719C3682A5D2D3400494A87 /* LaunchScreen.storyboard */,
				7719C36B2A5D2D3400494A87 /* Info.plist */,
				7719C3632A5D2D3400494A87 /* TellMeYourFriend.xcdatamodeld */,
			);
			path = TellMeYourFriend;
			sourceTree = "<group>";
		};
/* End PBXGroup section */

/* Begin PBXNativeTarget section */
		7719C3562A5D2D3400494A87 /* TellMeYourFriend */ = {
			isa = PBXNativeTarget;
			buildConfigurationList = 7719C36E2A5D2D3400494A87 /* Build configuration list for PBXNativeTarget "TellMeYourFriend" */;
			buildPhases = (
				7719C3532A5D2D3400494A87 /* Sources */,
				7719C3542A5D2D3400494A87 /* Frameworks */,
				7719C3552A5D2D3400494A87 /* Resources */,
			);
			buildRules = (
			);
			dependencies = (
			);
			name = TellMeYourFriend;
			productName = TellMeYourFriend;
			productReference = 7719C3572A5D2D3400494A87 /* TellMeYourFriend.app */;
			productType = "com.apple.product-type.application";
		};
/* End PBXNativeTarget section */

/* Begin PBXProject section */
		7719C34F2A5D2D3400494A87 /* Project object */ = {
			isa = PBXProject;
			attributes = {
				BuildIndependentTargetsInParallel = 1;
				LastSwiftUpdateCheck = 1430;
				LastUpgradeCheck = 1430;
				TargetAttributes = {
					7719C3562A5D2D3400494A87 = {
						CreatedOnToolsVersion = 14.3.1;
					};
				};
			};
			buildConfigurationList = 7719C3522A5D2D3400494A87 /* Build configuration list for PBXProject "TellMeYourFriend" */;
			compatibilityVersion = "Xcode 14.0";
			developmentRegion = en;
			hasScannedForEncodings = 0;
			knownRegions = (
				en,
				Base,
			);
			mainGroup = 7719C34E2A5D2D3400494A87;
			productRefGroup = 7719C3582A5D2D3400494A87 /* Products */;
			projectDirPath = "";
			projectRoot = "";
			targets = (
				7719C3562A5D2D3400494A87 /* TellMeYourFriend */,
			);
		};
/* End PBXProject section */

/* Begin PBXResourcesBuildPhase section */
		7719C3552A5D2D3400494A87 /* Resources */ = {
			isa = PBXResourcesBuildPhase;
			buildActionMask = 2147483647;
			files = (
				7719C36A2A5D2D3400494A87 /* LaunchScreen.storyboard in Resources */,
				7719C3672A5D2D3400494A87 /* Assets.xcassets in Resources */,
				7719C3622A5D2D3400494A87 /* Main.storyboard in Resources */,
			);
			runOnlyForDeploymentPostprocessing = 0;
		};
/* End PBXResourcesBuildPhase section */

/* Begin PBXSourcesBuildPhase section */
		7719C3532A5D2D3400494A87 /* Sources */ = {
			isa = PBXSourcesBuildPhase;
			buildActionMask = 2147483647;
			files = (
				7719C35F2A5D2D3400494A87 /* ViewController.swift in Sources */,
				7719C35B2A5D2D3400494A87 /* AppDelegate.swift in Sources */,
				7719C35D2A5D2D3400494A87 /* SceneDelegate.swift in Sources */,
				7719C3652A5D2D3400494A87 /* TellMeYourFriend.xcdatamodeld in Sources */,
				7719C3722A5D2DBE00494A87 /* DetailsViewController.swift in Sources */,
			);
			runOnlyForDeploymentPostprocessing = 0;
		};
/* End PBXSourcesBuildPhase section */

/* Begin PBXVariantGroup section */
		7719C3602A5D2D3400494A87 /* Main.storyboard */ = {
			isa = PBXVariantGroup;
			children = (
				7719C3612A5D2D3400494A87 /* Base */,
			);
			name = Main.storyboard;
			sourceTree = "<group>";
		};
		7719C3682A5D2D3400494A87 /* LaunchScreen.storyboard */ = {
			isa = PBXVariantGroup;
			children = (
				7719C3692A5D2D3400494A87 /* Base */,
			);
			name = LaunchScreen.storyboard;
			sourceTree = "<group>";
		};
/* End PBXVariantGroup section */

/* Begin XCBuildConfiguration section */
		7719C36C2A5D2D3400494A87 /* Debug */ = {
			isa = XCBuildConfiguration;
			buildSettings = {
				ALWAYS_SEARCH_USER_PATHS = NO;
				CLANG_ANALYZER_NONNULL = YES;
				CLANG_ANALYZER_NUMBER_OBJECT_CONVERSION = YES_AGGRESSIVE;
				CLANG_CXX_LANGUAGE_STANDARD = "gnu++20";
				CLANG_ENABLE_MODULES = YES;
				CLANG_ENABLE_OBJC_ARC = YES;
				CLANG_ENABLE_OBJC_WEAK = YES;
				CLANG_WARN_BLOCK_CAPTURE_AUTORELEASING = YES;
				CLANG_WARN_BOOL_CONVERSION = YES;
				CLANG_WARN_COMMA = YES;
				CLANG_WARN_CONSTANT_CONVERSION = YES;
				CLANG_WARN_DEPRECATED_OBJC_IMPLEMENTATIONS = YES;
				CLANG_WARN_DIRECT_OBJC_ISA_USAGE = YES_ERROR;
				CLANG_WARN_DOCUMENTATION_COMMENTS = YES;
				CLANG_WARN_EMPTY_BODY = YES;
				CLANG_WARN_ENUM_CONVERSION = YES;
				CLANG_WARN_INFINITE_RECURSION = YES;
				CLANG_WARN_INT_CONVERSION = YES;
				CLANG_WARN_NON_LITERAL_NULL_CONVERSION = YES;
				CLANG_WARN_OBJC_IMPLICIT_RETAIN_SELF = YES;
				CLANG_WARN_OBJC_LITERAL_CONVERSION = YES;
				CLANG_WARN_OBJC_ROOT_CLASS = YES_ERROR;
				CLANG_WARN_QUOTED_INCLUDE_IN_FRAMEWORK_HEADER = YES;
				CLANG_WARN_RANGE_LOOP_ANALYSIS = YES;
				CLANG_WARN_STRICT_PROTOTYPES = YES;
				CLANG_WARN_SUSPICIOUS_MOVE = YES;
				CLANG_WARN_UNGUARDED_AVAILABILITY = YES_AGGRESSIVE;
				CLANG_WARN_UNREACHABLE_CODE = YES;
				CLANG_WARN__DUPLICATE_METHOD_MATCH = YES;
				COPY_PHASE_STRIP = NO;
				DEBUG_INFORMATION_FORMAT = dwarf;
				ENABLE_STRICT_OBJC_MSGSEND = YES;
				ENABLE_TESTABILITY = YES;
				GCC_C_LANGUAGE_STANDARD = gnu11;
				GCC_DYNAMIC_NO_PIC = NO;
				GCC_NO_COMMON_BLOCKS = YES;
				GCC_OPTIMIZATION_LEVEL = 0;
				GCC_PREPROCESSOR_DEFINITIONS = (
					"DEBUG=1",
					"$(inherited)",
				);
				GCC_WARN_64_TO_32_BIT_CONVERSION = YES;
				GCC_WARN_ABOUT_RETURN_TYPE = YES_ERROR;
				GCC_WARN_UNDECLARED_SELECTOR = YES;
				GCC_WARN_UNINITIALIZED_AUTOS = YES_AGGRESSIVE;
				GCC_WARN_UNUSED_FUNCTION = YES;
				GCC_WARN_UNUSED_VARIABLE = YES;
				IPHONEOS_DEPLOYMENT_TARGET = 16.4;
				MTL_ENABLE_DEBUG_INFO = INCLUDE_SOURCE;
				MTL_FAST_MATH = YES;
				ONLY_ACTIVE_ARCH = YES;
				SDKROOT = iphoneos;
				SWIFT_ACTIVE_COMPILATION_CONDITIONS = DEBUG;
				SWIFT_OPTIMIZATION_LEVEL = "-Onone";
			};
			name = Debug;
		};
		7719C36D2A5D2D3400494A87 /* Release */ = {
			isa = XCBuildConfiguration;
			buildSettings = {
				ALWAYS_SEARCH_USER_PATHS = NO;
				CLANG_ANALYZER_NONNULL = YES;
				CLANG_ANALYZER_NUMBER_OBJECT_CONVERSION = YES_AGGRESSIVE;
				CLANG_CXX_LANGUAGE_STANDARD = "gnu++20";
				CLANG_ENABLE_MODULES = YES;
				CLANG_ENABLE_OBJC_ARC = YES;
				CLANG_ENABLE_OBJC_WEAK = YES;
				CLANG_WARN_BLOCK_CAPTURE_AUTORELEASING = YES;
				CLANG_WARN_BOOL_CONVERSION = YES;
				CLANG_WARN_COMMA = YES;
				CLANG_WARN_CONSTANT_CONVERSION = YES;
				CLANG_WARN_DEPRECATED_OBJC_IMPLEMENTATIONS = YES;
				CLANG_WARN_DIRECT_OBJC_ISA_USAGE = YES_ERROR;
				CLANG_WARN_DOCUMENTATION_COMMENTS = YES;
				CLANG_WARN_EMPTY_BODY = YES;
				CLANG_WARN_ENUM_CONVERSION = YES;
				CLANG_WARN_INFINITE_RECURSION = YES;
				CLANG_WARN_INT_CONVERSION = YES;
				CLANG_WARN_NON_LITERAL_NULL_CONVERSION = YES;
				CLANG_WARN_OBJC_IMPLICIT_RETAIN_SELF = YES;
				CLANG_WARN_OBJC_LITERAL_CONVERSION = YES;
				CLANG_WARN_OBJC_ROOT_CLASS = YES_ERROR;
				CLANG_WARN_QUOTED_INCLUDE_IN_FRAMEWORK_HEADER = YES;
				CLANG_WARN_RANGE_LOOP_ANALYSIS = YES;
				CLANG_WARN_STRICT_PROTOTYPES = YES;
				CLANG_WARN_SUSPICIOUS_MOVE = YES;
				CLANG_WARN_UNGUARDED_AVAILABILITY = YES_AGGRESSIVE;
				CLANG_WARN_UNREACHABLE_CODE = YES;
				CLANG_WARN__DUPLICATE_METHOD_MATCH = YES;
				COPY_PHASE_STRIP = NO;
				DEBUG_INFORMATION_FORMAT = "dwarf-with-dsym";
				ENABLE_NS_ASSERTIONS = NO;
				ENABLE_STRICT_OBJC_MSGSEND = YES;
				GCC_C_LANGUAGE_STANDARD = gnu11;
				GCC_NO_COMMON_BLOCKS = YES;
				GCC_WARN_64_TO_32_BIT_CONVERSION = YES;
				GCC_WARN_ABOUT_RETURN_TYPE = YES_ERROR;
				GCC_WARN_UNDECLARED_SELECTOR = YES;
				GCC_WARN_UNINITIALIZED_AUTOS = YES_AGGRESSIVE;
				GCC_WARN_UNUSED_FUNCTION = YES;
				GCC_WARN_UNUSED_VARIABLE = YES;
				IPHONEOS_DEPLOYMENT_TARGET = 16.4;
				MTL_ENABLE_DEBUG_INFO = NO;
				MTL_FAST_MATH = YES;
				SDKROOT = iphoneos;
				SWIFT_COMPILATION_MODE = wholemodule;
				SWIFT_OPTIMIZATION_LEVEL = "-O";
				VALIDATE_PRODUCT = YES;
			};
			name = Release;
		};
		7719C36F2A5D2D3400494A87 /* Debug */ = {
			isa = XCBuildConfiguration;
			buildSettings = {
				ASSETCATALOG_COMPILER_APPICON_NAME = AppIcon;
				ASSETCATALOG_COMPILER_GLOBAL_ACCENT_COLOR_NAME = AccentColor;
				CODE_SIGN_STYLE = Automatic;
				CURRENT_PROJECT_VERSION = 1;
				DEVELOPMENT_TEAM = 76ZJ9H6F4F;
				GENERATE_INFOPLIST_FILE = YES;
				INFOPLIST_FILE = TellMeYourFriend/Info.plist;
				INFOPLIST_KEY_UIApplicationSupportsIndirectInputEvents = YES;
				INFOPLIST_KEY_UILaunchStoryboardName = LaunchScreen;
				INFOPLIST_KEY_UIMainStoryboardFile = Main;
				INFOPLIST_KEY_UISupportedInterfaceOrientations_iPad = "UIInterfaceOrientationPortrait UIInterfaceOrientationPortraitUpsideDown UIInterfaceOrientationLandscapeLeft UIInterfaceOrientationLandscapeRight";
				INFOPLIST_KEY_UISupportedInterfaceOrientations_iPhone = "UIInterfaceOrientationPortrait UIInterfaceOrientationLandscapeLeft UIInterfaceOrientationLandscapeRight";
				LD_RUNPATH_SEARCH_PATHS = (
					"$(inherited)",
					"@executable_path/Frameworks",
				);
				MARKETING_VERSION = 1.0;
				PRODUCT_BUNDLE_IDENTIFIER = com.ozguncanbeydili.TellMeYourFriend;
				PRODUCT_NAME = "$(TARGET_NAME)";
				SWIFT_EMIT_LOC_STRINGS = YES;
				SWIFT_VERSION = 5.0;
				TARGETED_DEVICE_FAMILY = "1,2";
			};
			name = Debug;
		};
		7719C3702A5D2D3400494A87 /* Release */ = {
			isa = XCBuildConfiguration;
			buildSettings = {
				ASSETCATALOG_COMPILER_APPICON_NAME = AppIcon;
				ASSETCATALOG_COMPILER_GLOBAL_ACCENT_COLOR_NAME = AccentColor;
				CODE_SIGN_STYLE = Automatic;
				CURRENT_PROJECT_VERSION = 1;
				DEVELOPMENT_TEAM = 76ZJ9H6F4F;
				GENERATE_INFOPLIST_FILE = YES;
				INFOPLIST_FILE = TellMeYourFriend/Info.plist;
				INFOPLIST_KEY_UIApplicationSupportsIndirectInputEvents = YES;
				INFOPLIST_KEY_UILaunchStoryboardName = LaunchScreen;
				INFOPLIST_KEY_UIMainStoryboardFile = Main;
				INFOPLIST_KEY_UISupportedInterfaceOrientations_iPad = "UIInterfaceOrientationPortrait UIInterfaceOrientationPortraitUpsideDown UIInterfaceOrientationLandscapeLeft UIInterfaceOrientationLandscapeRight";
				INFOPLIST_KEY_UISupportedInterfaceOrientations_iPhone = "UIInterfaceOrientationPortrait UIInterfaceOrientationLandscapeLeft UIInterfaceOrientationLandscapeRight";
				LD_RUNPATH_SEARCH_PATHS = (
					"$(inherited)",
					"@executable_path/Frameworks",
				);
				MARKETING_VERSION = 1.0;
				PRODUCT_BUNDLE_IDENTIFIER = com.ozguncanbeydili.TellMeYourFriend;
				PRODUCT_NAME = "$(TARGET_NAME)";
				SWIFT_EMIT_LOC_STRINGS = YES;
				SWIFT_VERSION = 5.0;
				TARGETED_DEVICE_FAMILY = "1,2";
			};
			name = Release;
		};
/* End XCBuildConfiguration section */

/* Begin XCConfigurationList section */
		7719C3522A5D2D3400494A87 /* Build configuration list for PBXProject "TellMeYourFriend" */ = {
			isa = XCConfigurationList;
			buildConfigurations = (
				7719C36C2A5D2D3400494A87 /* Debug */,
				7719C36D2A5D2D3400494A87 /* Release */,
			);
			defaultConfigurationIsVisible = 0;
			defaultConfigurationName = Release;
		};
		7719C36E2A5D2D3400494A87 /* Build configuration list for PBXNativeTarget "TellMeYourFriend" */ = {
			isa = XCConfigurationList;
			buildConfigurations = (
				7719C36F2A5D2D3400494A87 /* Debug */,
				7719C3702A5D2D3400494A87 /* Release */,
			);
			defaultConfigurationIsVisible = 0;
			defaultConfigurationName = Release;
		};
/* End XCConfigurationList section */

/* Begin XCVersionGroup section */
		7719C3632A5D2D3400494A87 /* TellMeYourFriend.xcdatamodeld */ = {
			isa = XCVersionGroup;
			children = (
				7719C3642A5D2D3400494A87 /* TellMeYourFriend.xcdatamodel */,
			);
			currentVersion = 7719C3642A5D2D3400494A87 /* TellMeYourFriend.xcdatamodel */;
			path = TellMeYourFriend.xcdatamodeld;
			sourceTree = "<group>";
			versionGroupType = wrapper.xcdatamodel;
		};
/* End XCVersionGroup section */
	};
	rootObject = 7719C34F2A5D2D3400494A87 /* Project object */;
}
